<?xml version="1.0" encoding="utf-8"?>
<Project ToolsVersion="4.0" xmlns="http://schemas.microsoft.com/developer/msbuild/2003">
  <ItemGroup>
    <Filter Include="ソース ファイル">
      <UniqueIdentifier>{4FC737F1-C7A5-4376-A066-2A32D752A2FF}</UniqueIdentifier>
      <Extensions>cpp;c;cc;cxx;c++;cppm;ixx;def;odl;idl;hpj;bat;asm;asmx</Extensions>
    </Filter>
    <Filter Include="ヘッダー ファイル">
      <UniqueIdentifier>{93995380-89BD-4b04-88EB-625FBE52EBFB}</UniqueIdentifier>
      <Extensions>h;hh;hpp;hxx;h++;hm;inl;inc;ipp;xsd</Extensions>
    </Filter>
    <Filter Include="リソース ファイル">
      <UniqueIdentifier>{67DA6AB6-F800-4c08-8B7A-83BB121AAD01}</UniqueIdentifier>
      <Extensions>rc;ico;cur;bmp;dlg;rc2;rct;bin;rgs;gif;jpg;jpeg;jpe;resx;tiff;tif;png;wav;mfcribbon-ms</Extensions>
    </Filter>
    <Filter Include="システム">
      <UniqueIdentifier>{10e1e237-589c-4760-97cf-925b96866e18}</UniqueIdentifier>
    </Filter>
    <Filter Include="システム\BaseClass">
      <UniqueIdentifier>{1eaa641b-ecf2-426d-97fd-b929f99b8256}</UniqueIdentifier>
    </Filter>
    <Filter Include="システム\Manager">
      <UniqueIdentifier>{14949fde-b293-491a-8b85-313a8c153dc3}</UniqueIdentifier>
    </Filter>
    <Filter Include="シーンファイル">
      <UniqueIdentifier>{c050624b-e6e9-40af-b980-5c180d2d0305}</UniqueIdentifier>
    </Filter>
    <Filter Include="シーンファイル\Base">
      <UniqueIdentifier>{ffd64c46-3473-4b61-be2b-c95b34c2cfde}</UniqueIdentifier>
    </Filter>
    <Filter Include="シーンファイル\シーンファイル">
      <UniqueIdentifier>{89549e7f-a1f1-4b89-a358-01eb061e6ffd}</UniqueIdentifier>
    </Filter>
    <Filter Include="シーンファイル\シーンシステム">
      <UniqueIdentifier>{716f3ad3-456c-441c-8660-39cd41eb9756}</UniqueIdentifier>
    </Filter>
    <Filter Include="システム\Other">
      <UniqueIdentifier>{3abef65e-1391-4ee9-80da-fc27a3af035d}</UniqueIdentifier>
    </Filter>
    <Filter Include="シーンファイル\Object">
      <UniqueIdentifier>{a0a210b3-e854-4a9a-b6b7-b7159066aca9}</UniqueIdentifier>
    </Filter>
    <Filter Include="シーンファイル\Stage">
      <UniqueIdentifier>{889185aa-c4b7-4a06-a9fd-7fce54ec3562}</UniqueIdentifier>
    </Filter>
    <Filter Include="システム\2D">
      <UniqueIdentifier>{064c7fd1-dfd5-4397-bd92-22f2bdaf93b9}</UniqueIdentifier>
    </Filter>
    <Filter Include="システム\Camera">
      <UniqueIdentifier>{88897391-e6c9-4f00-a056-b1a6c344d892}</UniqueIdentifier>
    </Filter>
    <Filter Include="システム\3D">
      <UniqueIdentifier>{2164b2a9-3570-4d7b-9095-90d8043117c9}</UniqueIdentifier>
    </Filter>
    <Filter Include="システム\Input">
      <UniqueIdentifier>{40b69008-7e4d-4eb5-b58e-91029acf7dcb}</UniqueIdentifier>
    </Filter>
    <Filter Include="システム\Sound">
      <UniqueIdentifier>{42dbcabf-7918-4518-9d99-258e7ce71314}</UniqueIdentifier>
    </Filter>
    <Filter Include="システム\Player">
      <UniqueIdentifier>{77d19cee-0404-4237-8967-8d5a7c079612}</UniqueIdentifier>
    </Filter>
    <Filter Include="システム\Effect">
      <UniqueIdentifier>{00348c41-6a04-4aa6-b829-597bd8f92628}</UniqueIdentifier>
    </Filter>
    <Filter Include="システム\Shader">
      <UniqueIdentifier>{ae61783c-27c2-4398-9fda-6006501ee47c}</UniqueIdentifier>
    </Filter>
    <Filter Include="システム\Texture">
      <UniqueIdentifier>{195c447c-1a3c-4759-bc1b-00a1b122fc36}</UniqueIdentifier>
    </Filter>
    <Filter Include="システム\DirextX">
      <UniqueIdentifier>{d5285bcd-f332-4dca-8ba5-94bff8b8a59d}</UniqueIdentifier>
    </Filter>
    <Filter Include="システム\Window">
      <UniqueIdentifier>{5ed6214c-b622-4fc1-bd33-6b0d2e2d1616}</UniqueIdentifier>
    </Filter>
  </ItemGroup>
  <ItemGroup>
    <ClInclude Include="Source\System\BaseClass\IObjectBase.hpp">
      <Filter>システム\BaseClass</Filter>
    </ClInclude>
    <ClInclude Include="Source\System\BaseClass\ObjectBase.hpp">
      <Filter>システム\BaseClass</Filter>
    </ClInclude>
    <ClInclude Include="Source\System\BaseClass\DataPool.hpp">
      <Filter>システム\Manager</Filter>
    </ClInclude>
    <ClInclude Include="Source\Scene\BaseClass\SceneBase.hpp">
      <Filter>シーンファイル\Base</Filter>
    </ClInclude>
    <ClInclude Include="Source\Scene\BaseClass\ISceneBase.hpp">
      <Filter>シーンファイル\Base</Filter>
    </ClInclude>
    <ClInclude Include="Source\Scene\BaseClass\SceneManager.hpp">
      <Filter>シーンファイル\シーンシステム</Filter>
    </ClInclude>
    <ClInclude Include="Source\Scene\BaseClass\GameScene.hpp">
      <Filter>シーンファイル\シーンファイル</Filter>
    </ClInclude>
    <ClInclude Include="Source\Scene\BaseClass\ObjectManager.hpp">
      <Filter>システム\Manager</Filter>
    </ClInclude>
    <ClInclude Include="Source\System\Geometory.h">
      <Filter>システム\Other</Filter>
    </ClInclude>
    <ClInclude Include="Source\System\macro.hpp">
      <Filter>システム\Other</Filter>
    </ClInclude>
    <ClInclude Include="Source\System\Timer.h">
      <Filter>システム\Other</Filter>
    </ClInclude>
    <ClInclude Include="Source\System\Easing.hpp">
      <Filter>システム\Other</Filter>
    </ClInclude>
    <ClInclude Include="Source\Prot\StageData01.hpp">
      <Filter>シーンファイル\Stage</Filter>
    </ClInclude>
    <ClInclude Include="Source\Prot\EnemyZako01.hpp">
      <Filter>シーンファイル\Object</Filter>
    </ClInclude>
    <ClInclude Include="Source\Prot\ProtEnemyManager.hpp">
      <Filter>シーンファイル\Object</Filter>
    </ClInclude>
    <ClInclude Include="Source\System\BaseClass\TerrainBase.hpp">
      <Filter>システム\BaseClass</Filter>
    </ClInclude>
    <ClInclude Include="Source\System\UiManager.hpp">
      <Filter>システム\Manager</Filter>
    </ClInclude>
    <ClInclude Include="Source\Prot\EnemyBoss01.hpp">
      <Filter>シーンファイル\Object</Filter>
    </ClInclude>
    <ClInclude Include="Source\System\ProducePlane.h">
      <Filter>システム\Other</Filter>
    </ClInclude>
    <ClInclude Include="Source\Scene\SceneTitle.hpp">
      <Filter>シーンファイル\シーンファイル</Filter>
    </ClInclude>
    <ClInclude Include="SceneResult.hpp">
      <Filter>シーンファイル\シーンファイル</Filter>
    </ClInclude>
    <ClInclude Include="OverlayWindowBase.hpp">
      <Filter>シーンファイル\Base</Filter>
    </ClInclude>
    <ClInclude Include="OverlayConfig.hpp">
      <Filter>シーンファイル\シーンファイル</Filter>
    </ClInclude>
    <ClInclude Include="Source\Scene\SceneStageSelect.hpp">
      <Filter>シーンファイル\シーンファイル</Filter>
    </ClInclude>
    <ClInclude Include="Source\Scene\OverlayStagePrep.hpp">
      <Filter>シーンファイル\シーンファイル</Filter>
    </ClInclude>
    <ClInclude Include="Source\System\BaseClass\Billboard.h">
      <Filter>システム\2D</Filter>
    </ClInclude>
    <ClInclude Include="Source\System\BaseClass\BossUI.h">
      <Filter>システム\2D</Filter>
    </ClInclude>
    <ClInclude Include="Source\System\CollisionBase.hpp">
      <Filter>システム\BaseClass</Filter>
    </ClInclude>
    <ClInclude Include="Source\System\GameUI.h">
      <Filter>システム\2D</Filter>
    </ClInclude>
    <ClInclude Include="Source\System\BaseClass\PlayerUI.hpp">
      <Filter>システム\2D</Filter>
    </ClInclude>
    <ClInclude Include="Source\System\Camera.hpp">
      <Filter>システム\Camera</Filter>
    </ClInclude>
    <ClInclude Include="Source\System\DebugCamera.hpp">
      <Filter>システム\Camera</Filter>
    </ClInclude>
    <ClInclude Include="Source\System\PlayerCamera.hpp">
      <Filter>システム\Camera</Filter>
    </ClInclude>
    <ClInclude Include="Source\System\Model.h">
      <Filter>システム\3D</Filter>
    </ClInclude>
    <ClInclude Include="Source\System\Main.h">
      <Filter>ヘッダー ファイル</Filter>
    </ClInclude>
    <ClInclude Include="Source\System\Input.h">
      <Filter>システム\Input</Filter>
    </ClInclude>
    <ClInclude Include="Source\System\Controller.hpp">
      <Filter>システム\Input</Filter>
    </ClInclude>
    <ClInclude Include="BGM.h">
      <Filter>システム\Sound</Filter>
    </ClInclude>
    <ClInclude Include="Source\System\Sound.h">
      <Filter>システム\Sound</Filter>
    </ClInclude>
    <ClInclude Include="Source\System\Player.hpp">
      <Filter>システム\Player</Filter>
    </ClInclude>
    <ClInclude Include="Source\System\Beam.hpp">
      <Filter>システム\Player</Filter>
    </ClInclude>
    <ClInclude Include="Polyline.h">
      <Filter>システム\Effect</Filter>
    </ClInclude>
    <ClInclude Include="Source\System\Game3D.h">
      <Filter>ヘッダー ファイル</Filter>
    </ClInclude>
    <ClInclude Include="Source\System\ConstantBuffer.h">
      <Filter>システム\Shader</Filter>
    </ClInclude>
    <ClInclude Include="Source\System\Shader.h">
      <Filter>システム\Shader</Filter>
    </ClInclude>
    <ClInclude Include="Source\System\Blend.hpp">
      <Filter>システム\Texture</Filter>
    </ClInclude>
    <ClInclude Include="Source\System\BlendState.h">
      <Filter>システム\Texture</Filter>
    </ClInclude>
    <ClInclude Include="Source\System\MeshBuffer.h">
      <Filter>システム\Texture</Filter>
    </ClInclude>
    <ClInclude Include="Source\System\Sprite.h">
      <Filter>システム\Texture</Filter>
    </ClInclude>
    <ClInclude Include="DirectXTex\Texture.h">
      <Filter>システム\Texture</Filter>
    </ClInclude>
    <ClInclude Include="Source\System\SamplerState.h">
      <Filter>システム\Texture</Filter>
    </ClInclude>
    <ClInclude Include="Source\System\DirectX.h">
      <Filter>システム\DirextX</Filter>
    </ClInclude>
    <ClInclude Include="DirectXTex\DirectXTex.h">
      <Filter>システム\DirextX</Filter>
    </ClInclude>
    <ClInclude Include="Source\System\DebugWindow.hpp">
      <Filter>システム\Window</Filter>
    </ClInclude>
    <ClInclude Include="Source\System\WinUtil.h">
      <Filter>システム\Window</Filter>
    </ClInclude>
    <ClInclude Include="OutputEffekseer.h">
      <Filter>システム\Effect</Filter>
    </ClInclude>
    <ClInclude Include="NumberUI.hpp">
      <Filter>システム\2D</Filter>
    </ClInclude>
    <ClInclude Include="MiniMap.h">
      <Filter>システム\2D</Filter>
    </ClInclude>
    <ClInclude Include="GameScene_02.hpp">
      <Filter>シーンファイル\シーンファイル</Filter>
    </ClInclude>
    <ClInclude Include="GameScene_03.hpp">
      <Filter>シーンファイル\シーンファイル</Filter>
    </ClInclude>
    <ClInclude Include="GameScene_04.hpp">
      <Filter>シーンファイル\シーンファイル</Filter>
    </ClInclude>
    <ClInclude Include="Pillar.hpp">
      <Filter>シーンファイル\Object</Filter>
    </ClInclude>
    <ClInclude Include="Wall.hpp">
      <Filter>シーンファイル\Object</Filter>
    </ClInclude>
  </ItemGroup>
  <ItemGroup>
    <ClCompile Include="Source\System\BaseClass\ObjectBase.cpp">
      <Filter>システム\BaseClass</Filter>
    </ClCompile>
    <ClCompile Include="Source\System\BaseClass\DataPool.cpp">
      <Filter>システム\Manager</Filter>
    </ClCompile>
    <ClCompile Include="Source\Scene\BaseClass\SceneManager.cpp">
      <Filter>シーンファイル\シーンシステム</Filter>
    </ClCompile>
    <ClCompile Include="Source\Scene\BaseClass\SceneBase.cpp">
      <Filter>シーンファイル\Base</Filter>
    </ClCompile>
    <ClCompile Include="Source\Scene\BaseClass\GameScene.cpp">
      <Filter>シーンファイル\シーンファイル</Filter>
    </ClCompile>
    <ClCompile Include="Source\Scene\BaseClass\ObjectManager.cpp">
      <Filter>システム\Manager</Filter>
    </ClCompile>
    <ClCompile Include="Source\System\Geometory.cpp">
      <Filter>システム\Other</Filter>
    </ClCompile>
    <ClCompile Include="Source\System\macro.cpp">
      <Filter>システム\Other</Filter>
    </ClCompile>
    <ClCompile Include="Source\System\Timer.cpp">
      <Filter>システム\Other</Filter>
    </ClCompile>
    <ClCompile Include="Source\System\Easing.cpp">
      <Filter>システム\Other</Filter>
    </ClCompile>
    <ClCompile Include="Source\Prot\StageData01.cpp">
      <Filter>シーンファイル\Stage</Filter>
    </ClCompile>
    <ClCompile Include="Source\Prot\EnemyZako01.cpp">
      <Filter>シーンファイル\Object</Filter>
    </ClCompile>
    <ClCompile Include="Source\Prot\ProtEnemyManager.cpp">
      <Filter>シーンファイル\Object</Filter>
    </ClCompile>
    <ClCompile Include="Source\System\BaseClass\TerrainBase.cpp">
      <Filter>システム\BaseClass</Filter>
    </ClCompile>
    <ClCompile Include="Source\System\CollisionBase.cpp">
      <Filter>システム\BaseClass</Filter>
    </ClCompile>
    <ClCompile Include="Source\Prot\EnemyBoss01.cpp">
      <Filter>シーンファイル\Object</Filter>
    </ClCompile>
    <ClCompile Include="Source\System\ProducePlane.cpp">
      <Filter>システム\Other</Filter>
    </ClCompile>
    <ClCompile Include="Source\System\UiManager.cpp">
      <Filter>システム\Manager</Filter>
    </ClCompile>
    <ClCompile Include="OverlayWindowBase.cpp">
      <Filter>シーンファイル\Base</Filter>
    </ClCompile>
    <ClCompile Include="OverlayConfig.cpp">
      <Filter>シーンファイル\シーンファイル</Filter>
    </ClCompile>
    <ClCompile Include="SceneResult.cpp">
      <Filter>シーンファイル\シーンファイル</Filter>
    </ClCompile>
    <ClCompile Include="Source\Scene\SceneTitle.cpp">
      <Filter>シーンファイル\シーンファイル</Filter>
    </ClCompile>
    <ClCompile Include="Source\Scene\SceneStageSelect.cpp">
      <Filter>シーンファイル\シーンファイル</Filter>
    </ClCompile>
    <ClCompile Include="Source\Scene\OverlayStagePrep.cpp">
      <Filter>シーンファイル\シーンファイル</Filter>
    </ClCompile>
    <ClCompile Include="Source\System\BaseClass\Billboard.cpp">
      <Filter>システム\2D</Filter>
    </ClCompile>
    <ClCompile Include="Source\System\BaseClass\BossUI.cpp">
      <Filter>システム\2D</Filter>
    </ClCompile>
    <ClCompile Include="Source\System\GameUI.cpp">
      <Filter>システム\2D</Filter>
    </ClCompile>
    <ClCompile Include="Source\System\BaseClass\PlayerUI.cpp">
      <Filter>システム\2D</Filter>
    </ClCompile>
    <ClCompile Include="Source\System\Camera.cpp">
      <Filter>システム\Camera</Filter>
    </ClCompile>
    <ClCompile Include="Source\System\DebugCamera.cpp">
      <Filter>システム\Camera</Filter>
    </ClCompile>
    <ClCompile Include="Source\System\PlayerCamera.cpp">
      <Filter>システム\Camera</Filter>
    </ClCompile>
    <ClCompile Include="Source\System\Model.cpp">
      <Filter>システム\3D</Filter>
    </ClCompile>
    <ClCompile Include="Source\System\Model_Contents.cpp">
      <Filter>システム\3D</Filter>
    </ClCompile>
    <ClCompile Include="Source\System\Main.cpp">
      <Filter>ソース ファイル</Filter>
    </ClCompile>
    <ClCompile Include="Source\System\Input.cpp">
      <Filter>システム\Input</Filter>
    </ClCompile>
    <ClCompile Include="Source\System\Controller.cpp">
      <Filter>システム\Input</Filter>
    </ClCompile>
    <ClCompile Include="BGM.cpp">
      <Filter>システム\Sound</Filter>
    </ClCompile>
    <ClCompile Include="Source\System\Sound.cpp">
      <Filter>システム\Sound</Filter>
    </ClCompile>
    <ClCompile Include="Source\System\Player.cpp">
      <Filter>システム\Player</Filter>
    </ClCompile>
    <ClCompile Include="Source\System\Beam.cpp">
      <Filter>システム\Player</Filter>
    </ClCompile>
    <ClCompile Include="Polyline.cpp">
      <Filter>システム\Effect</Filter>
    </ClCompile>
    <ClCompile Include="Source\System\Game3D.cpp">
      <Filter>ソース ファイル</Filter>
    </ClCompile>
    <ClCompile Include="Source\System\ConstantBuffer.cpp">
      <Filter>システム\Shader</Filter>
    </ClCompile>
    <ClCompile Include="Source\System\Shader.cpp">
      <Filter>システム\Shader</Filter>
    </ClCompile>
    <ClCompile Include="Source\System\Blend.cpp">
      <Filter>システム\Texture</Filter>
    </ClCompile>
    <ClCompile Include="Source\System\BlendState.cpp">
      <Filter>システム\Texture</Filter>
    </ClCompile>
    <ClCompile Include="Source\System\MeshBuffer.cpp">
      <Filter>システム\Texture</Filter>
    </ClCompile>
    <ClCompile Include="Source\System\Sprite.cpp">
      <Filter>システム\Texture</Filter>
    </ClCompile>
    <ClCompile Include="Source\System\Startup.cpp">
      <Filter>システム\Texture</Filter>
    </ClCompile>
    <ClCompile Include="DirectXTex\Texture.cpp">
      <Filter>システム\Texture</Filter>
    </ClCompile>
    <ClCompile Include="Source\System\SamplerState.cpp">
      <Filter>システム\Texture</Filter>
    </ClCompile>
    <ClCompile Include="Source\System\DirectX.cpp">
      <Filter>システム\DirextX</Filter>
    </ClCompile>
    <ClCompile Include="Source\System\DebugWindow.cpp">
      <Filter>システム\Window</Filter>
    </ClCompile>
    <ClCompile Include="Source\System\WinUtil.cpp">
      <Filter>システム\Window</Filter>
    </ClCompile>
    <ClCompile Include="Source\System\CreatorUnique.cpp">
      <Filter>システム\Window</Filter>
    </ClCompile>
    <ClCompile Include="OutputEffekseer.cpp">
      <Filter>システム\Effect</Filter>
    </ClCompile>
    <ClCompile Include="NumberUI.cpp">
      <Filter>システム\2D</Filter>
    </ClCompile>
    <ClCompile Include="MiniMap.cpp">
      <Filter>システム\2D</Filter>
    </ClCompile>
    <ClCompile Include="GameScene_02.cpp">
      <Filter>シーンファイル\シーンファイル</Filter>
    </ClCompile>
    <ClCompile Include="GameScene_03.cpp">
      <Filter>シーンファイル\シーンファイル</Filter>
    </ClCompile>
    <ClCompile Include="GameScene_04.cpp">
      <Filter>シーンファイル\シーンファイル</Filter>
    </ClCompile>
    <ClCompile Include="Source\System\CutinCamera.hpp">
      <Filter>システム\Camera</Filter>
    </ClCompile>
    <ClCompile Include="Source\System\CutinCamera.cpp">
      <Filter>ソース ファイル</Filter>
    </ClCompile>
    <ClCompile Include="Pillar.cpp">
      <Filter>シーンファイル\Object</Filter>
    </ClCompile>
    <ClCompile Include="Wall.cpp">
      <Filter>シーンファイル\Object</Filter>
    </ClCompile>
  </ItemGroup>
  <ItemGroup>
    <FxCompile Include="ModelVS.hlsl">
      <Filter>リソース ファイル</Filter>
    </FxCompile>
    <FxCompile Include="Source\Prot\GeometoryColorPS.hlsl">
      <Filter>リソース ファイル</Filter>
    </FxCompile>
    <FxCompile Include="ColorPS.hlsl">
      <Filter>リソース ファイル</Filter>
    </FxCompile>
    <FxCompile Include="ModelPS.hlsl">
      <Filter>リソース ファイル</Filter>
    </FxCompile>
  </ItemGroup>
</Project>