<?xml version="1.0" encoding="utf-8"?>
<Project ToolsVersion="4.0" xmlns="http://schemas.microsoft.com/developer/msbuild/2003">
  <ItemGroup>
    <Filter Include="ソース ファイル">
      <UniqueIdentifier>{4FC737F1-C7A5-4376-A066-2A32D752A2FF}</UniqueIdentifier>
      <Extensions>cpp;c;cc;cxx;c++;cppm;ixx;def;odl;idl;hpj;bat;asm;asmx</Extensions>
    </Filter>
    <Filter Include="ヘッダー ファイル">
      <UniqueIdentifier>{93995380-89BD-4b04-88EB-625FBE52EBFB}</UniqueIdentifier>
      <Extensions>h;hh;hpp;hxx;h++;hm;inl;inc;ipp;xsd</Extensions>
    </Filter>
    <Filter Include="リソース ファイル">
      <UniqueIdentifier>{67DA6AB6-F800-4c08-8B7A-83BB121AAD01}</UniqueIdentifier>
      <Extensions>rc;ico;cur;bmp;dlg;rc2;rct;bin;rgs;gif;jpg;jpeg;jpe;resx;tiff;tif;png;wav;mfcribbon-ms</Extensions>
    </Filter>
    <Filter Include="システム">
      <UniqueIdentifier>{10e1e237-589c-4760-97cf-925b96866e18}</UniqueIdentifier>
    </Filter>
    <Filter Include="システム\BaseClass">
      <UniqueIdentifier>{1eaa641b-ecf2-426d-97fd-b929f99b8256}</UniqueIdentifier>
    </Filter>
    <Filter Include="システム\Manager">
      <UniqueIdentifier>{14949fde-b293-491a-8b85-313a8c153dc3}</UniqueIdentifier>
    </Filter>
    <Filter Include="シーンファイル">
      <UniqueIdentifier>{c050624b-e6e9-40af-b980-5c180d2d0305}</UniqueIdentifier>
    </Filter>
    <Filter Include="シーンファイル\Base">
      <UniqueIdentifier>{ffd64c46-3473-4b61-be2b-c95b34c2cfde}</UniqueIdentifier>
    </Filter>
    <Filter Include="シーンファイル\シーンファイル">
      <UniqueIdentifier>{89549e7f-a1f1-4b89-a358-01eb061e6ffd}</UniqueIdentifier>
    </Filter>
    <Filter Include="シーンファイル\シーンシステム">
      <UniqueIdentifier>{716f3ad3-456c-441c-8660-39cd41eb9756}</UniqueIdentifier>
    </Filter>
    <Filter Include="システム\Other">
      <UniqueIdentifier>{3abef65e-1391-4ee9-80da-fc27a3af035d}</UniqueIdentifier>
    </Filter>
    <Filter Include="プロトタイプ用">
      <UniqueIdentifier>{a61cc566-8608-475d-8664-d4b85ed7ddfc}</UniqueIdentifier>
    </Filter>
    <Filter Include="プロトタイプ用\Stage">
      <UniqueIdentifier>{889185aa-c4b7-4a06-a9fd-7fce54ec3562}</UniqueIdentifier>
    </Filter>
    <Filter Include="プロトタイプ用\Object">
      <UniqueIdentifier>{a0a210b3-e854-4a9a-b6b7-b7159066aca9}</UniqueIdentifier>
    </Filter>
  </ItemGroup>
  <ItemGroup>
    <ClInclude Include="Source\System\BaseClass\IObjectBase.hpp">
      <Filter>システム\BaseClass</Filter>
    </ClInclude>
    <ClInclude Include="Source\System\BaseClass\ObjectBase.hpp">
      <Filter>システム\BaseClass</Filter>
    </ClInclude>
    <ClInclude Include="Source\System\BaseClass\DataPool.hpp">
      <Filter>システム\Manager</Filter>
    </ClInclude>
    <ClInclude Include="Source\Scene\BaseClass\SceneBase.hpp">
      <Filter>シーンファイル\Base</Filter>
    </ClInclude>
    <ClInclude Include="Source\Scene\BaseClass\ISceneBase.hpp">
      <Filter>シーンファイル\Base</Filter>
    </ClInclude>
    <ClInclude Include="Source\Scene\BaseClass\SceneManager.hpp">
      <Filter>シーンファイル\シーンシステム</Filter>
    </ClInclude>
    <ClInclude Include="Source\Scene\BaseClass\SceneTest.hpp">
      <Filter>シーンファイル\シーンファイル</Filter>
    </ClInclude>
    <ClInclude Include="Source\Scene\BaseClass\ObjectManager.hpp">
      <Filter>システム\Manager</Filter>
    </ClInclude>
    <ClInclude Include="Source\System\BlendState.h">
      <Filter>システム\Other</Filter>
    </ClInclude>
    <ClInclude Include="Source\System\Camera.hpp">
      <Filter>システム\Other</Filter>
    </ClInclude>
    <ClInclude Include="Source\System\ConstantBuffer.h">
      <Filter>システム\Other</Filter>
    </ClInclude>
    <ClInclude Include="Source\System\DebugCamera.hpp">
      <Filter>システム\Other</Filter>
    </ClInclude>
    <ClInclude Include="Source\System\DebugWindow.hpp">
      <Filter>システム\Other</Filter>
    </ClInclude>
    <ClInclude Include="Source\System\DirectX.h">
      <Filter>システム\Other</Filter>
    </ClInclude>
    <ClInclude Include="DirectXTex\DirectXTex.h">
      <Filter>システム\Other</Filter>
    </ClInclude>
    <ClInclude Include="Source\System\Geometory.h">
      <Filter>システム\Other</Filter>
    </ClInclude>
    <ClInclude Include="Source\System\Input.h">
      <Filter>システム\Other</Filter>
    </ClInclude>
    <ClInclude Include="Source\System\macro.hpp">
      <Filter>システム\Other</Filter>
    </ClInclude>
    <ClInclude Include="Source\System\Main.h">
      <Filter>システム\Other</Filter>
    </ClInclude>
    <ClInclude Include="Source\System\MeshBuffer.h">
      <Filter>システム\Other</Filter>
    </ClInclude>
    <ClInclude Include="Source\System\Model.h">
      <Filter>システム\Other</Filter>
    </ClInclude>
    <ClInclude Include="Source\System\Player.hpp">
      <Filter>システム\Other</Filter>
    </ClInclude>
    <ClInclude Include="Source\System\PlayerCamera.hpp">
      <Filter>システム\Other</Filter>
    </ClInclude>
    <ClInclude Include="Source\System\SamplerState.h">
      <Filter>システム\Other</Filter>
    </ClInclude>
    <ClInclude Include="Source\System\Shader.h">
      <Filter>システム\Other</Filter>
    </ClInclude>
    <ClInclude Include="Source\System\Stage00.hpp">
      <Filter>システム\Other</Filter>
    </ClInclude>
    <ClInclude Include="DirectXTex\Texture.h">
      <Filter>システム\Other</Filter>
    </ClInclude>
    <ClInclude Include="Source\System\Timer.h">
      <Filter>システム\Other</Filter>
    </ClInclude>
    <ClInclude Include="Source\System\WinUtil.h">
      <Filter>システム\Other</Filter>
    </ClInclude>
    <ClInclude Include="Source\System\Game3D.h">
      <Filter>システム</Filter>
    </ClInclude>
    <ClInclude Include="Source\System\Easing.hpp">
      <Filter>システム\Other</Filter>
    </ClInclude>
    <ClInclude Include="Source\Prot\ProtStage.hpp">
      <Filter>プロトタイプ用\Stage</Filter>
    </ClInclude>
    <ClInclude Include="Source\Prot\ProtEnemy.hpp">
      <Filter>プロトタイプ用\Object</Filter>
    </ClInclude>
    <ClInclude Include="Source\Prot\ProtEnemyManager.hpp">
      <Filter>プロトタイプ用\Object</Filter>
    </ClInclude>
    <ClInclude Include="Source\System\Controller.hpp">
      <Filter>システム\Other</Filter>
    </ClInclude>
    <ClInclude Include="Source\System\CollisionBase.hpp">
      <Filter>システム\Other</Filter>
    </ClInclude>
    <ClInclude Include="Source\System\Sprite.h">
      <Filter>システム\Other</Filter>
    </ClInclude>
    <ClInclude Include="Source\System\GameUI.h">
      <Filter>システム\Other</Filter>
    </ClInclude>
    <ClInclude Include="Source\System\BaseClass\Billboard.h">
      <Filter>システム\BaseClass</Filter>
    </ClInclude>
    <ClInclude Include="Source\System\BaseClass\TerrainBase.hpp">
      <Filter>システム\BaseClass</Filter>
    </ClInclude>
    <ClInclude Include="Source\System\Beam.hpp">
      <Filter>システム\Other</Filter>
    </ClInclude>
  </ItemGroup>
  <ItemGroup>
    <ClCompile Include="Source\System\BaseClass\ObjectBase.cpp">
      <Filter>システム\BaseClass</Filter>
    </ClCompile>
    <ClCompile Include="Source\System\BaseClass\DataPool.cpp">
      <Filter>システム\Manager</Filter>
    </ClCompile>
    <ClCompile Include="Source\Scene\BaseClass\SceneManager.cpp">
      <Filter>シーンファイル\シーンシステム</Filter>
    </ClCompile>
    <ClCompile Include="Source\Scene\BaseClass\SceneBase.cpp">
      <Filter>シーンファイル\Base</Filter>
    </ClCompile>
    <ClCompile Include="Source\Scene\BaseClass\SceneTest.cpp">
      <Filter>シーンファイル\シーンファイル</Filter>
    </ClCompile>
    <ClCompile Include="Source\Scene\BaseClass\ObjectManager.cpp">
      <Filter>システム\Manager</Filter>
    </ClCompile>
    <ClCompile Include="Source\System\BlendState.cpp">
      <Filter>システム\Other</Filter>
    </ClCompile>
    <ClCompile Include="Source\System\Camera.cpp">
      <Filter>システム\Other</Filter>
    </ClCompile>
    <ClCompile Include="Source\System\ConstantBuffer.cpp">
      <Filter>システム\Other</Filter>
    </ClCompile>
    <ClCompile Include="Source\System\CreatorUnique.cpp">
      <Filter>システム\Other</Filter>
    </ClCompile>
    <ClCompile Include="Source\System\DebugCamera.cpp">
      <Filter>システム\Other</Filter>
    </ClCompile>
    <ClCompile Include="Source\System\DebugWindow.cpp">
      <Filter>システム\Other</Filter>
    </ClCompile>
    <ClCompile Include="Source\System\DirectX.cpp">
      <Filter>システム\Other</Filter>
    </ClCompile>
    <ClCompile Include="Source\System\Geometory.cpp">
      <Filter>システム\Other</Filter>
    </ClCompile>
    <ClCompile Include="Source\System\Input.cpp">
      <Filter>システム\Other</Filter>
    </ClCompile>
    <ClCompile Include="Source\System\macro.cpp">
      <Filter>システム\Other</Filter>
    </ClCompile>
    <ClCompile Include="Source\System\Main.cpp">
      <Filter>システム\Other</Filter>
    </ClCompile>
    <ClCompile Include="Source\System\MeshBuffer.cpp">
      <Filter>システム\Other</Filter>
    </ClCompile>
    <ClCompile Include="Source\System\Model.cpp">
      <Filter>システム\Other</Filter>
    </ClCompile>
    <ClCompile Include="Source\System\Model_Contents.cpp">
      <Filter>システム\Other</Filter>
    </ClCompile>
    <ClCompile Include="Source\System\Player.cpp">
      <Filter>システム\Other</Filter>
    </ClCompile>
    <ClCompile Include="Source\System\PlayerCamera.cpp">
      <Filter>システム\Other</Filter>
    </ClCompile>
    <ClCompile Include="Source\System\SamplerState.cpp">
      <Filter>システム\Other</Filter>
    </ClCompile>
    <ClCompile Include="Source\System\Shader.cpp">
      <Filter>システム\Other</Filter>
    </ClCompile>
    <ClCompile Include="Source\System\Stage00.cpp">
      <Filter>システム\Other</Filter>
    </ClCompile>
    <ClCompile Include="Source\System\Startup.cpp">
      <Filter>システム\Other</Filter>
    </ClCompile>
    <ClCompile Include="DirectXTex\Texture.cpp">
      <Filter>システム\Other</Filter>
    </ClCompile>
    <ClCompile Include="Source\System\Timer.cpp">
      <Filter>システム\Other</Filter>
    </ClCompile>
    <ClCompile Include="Source\System\WinUtil.cpp">
      <Filter>システム\Other</Filter>
    </ClCompile>
    <ClCompile Include="Source\System\Game3D.cpp">
      <Filter>システム</Filter>
    </ClCompile>
    <ClCompile Include="Source\System\Easing.cpp">
      <Filter>システム\Other</Filter>
    </ClCompile>
    <ClCompile Include="Source\Prot\ProtStage.cpp">
      <Filter>プロトタイプ用\Stage</Filter>
    </ClCompile>
    <ClCompile Include="Source\Prot\ProtEnemy.cpp">
      <Filter>プロトタイプ用\Object</Filter>
    </ClCompile>
    <ClCompile Include="Source\Prot\ProtEnemyManager.cpp">
      <Filter>プロトタイプ用\Object</Filter>
    </ClCompile>
    <ClCompile Include="Source\System\Controller.cpp">
      <Filter>システム\Other</Filter>
    </ClCompile>
    <ClCompile Include="Source\System\Sprite.cpp">
      <Filter>システム\Other</Filter>
    </ClCompile>
    <ClCompile Include="Source\System\GameUI.cpp">
      <Filter>システム\Other</Filter>
    </ClCompile>
    <ClCompile Include="Source\System\BaseClass\Billboard.cpp">
      <Filter>システム\BaseClass</Filter>
    </ClCompile>
    <ClCompile Include="Source\System\BaseClass\TerrainBase.cpp">
      <Filter>システム\BaseClass</Filter>
    </ClCompile>
    <ClCompile Include="Source\System\CollisionBase.cpp">
      <Filter>システム\BaseClass</Filter>
    </ClCompile>
    <ClCompile Include="Source\System\Beam.cpp">
      <Filter>ソース ファイル</Filter>
    </ClCompile>
  </ItemGroup>
  <ItemGroup>
    <FxCompile Include="ModelVS.hlsl">
      <Filter>リソース ファイル</Filter>
    </FxCompile>
    <FxCompile Include="Source\Prot\GeometoryColorPS.hlsl">
      <Filter>リソース ファイル</Filter>
    </FxCompile>
  </ItemGroup>
</Project>