
Microsoft Visual Studio Solution File, Format Version 12.00
# Visual Studio Version 17
VisualStudioVersion = 17.4.33015.44
MinimumVisualStudioVersion = 10.0.40219.1
Project("{8BC9CEB8-8B4A-11D0-8D11-00A0C91BC942}") = "HewProject", "HewProject\HewProject.vcxproj", "{602ACEDD-00CE-4993-AF3C-24F34BBE4F98}"
EndProject
Global
	GlobalSection(SolutionConfigurationPlatforms) = preSolution
		Debug|x64 = Debug|x64
		Debug|x86 = Debug|x86
		Release|x64 = Release|x64
		Release|x86 = Release|x86
	EndGlobalSection
	GlobalSection(ProjectConfigurationPlatforms) = postSolution
		{602ACEDD-00CE-4993-AF3C-24F34BBE4F98}.Debug|x64.ActiveCfg = Debug|x64
		{602ACEDD-00CE-4993-AF3C-24F34BBE4F98}.Debug|x64.Build.0 = Debug|x64
		{602ACEDD-00CE-4993-AF3C-24F34BBE4F98}.Debug|x86.ActiveCfg = Debug|Win32
		{602ACEDD-00CE-4993-AF3C-24F34BBE4F98}.Debug|x86.Build.0 = Debug|Win32
		{602ACEDD-00CE-4993-AF3C-24F34BBE4F98}.Release|x64.ActiveCfg = Release|x64
		{602ACEDD-00CE-4993-AF3C-24F34BBE4F98}.Release|x64.Build.0 = Release|x64
		{602ACEDD-00CE-4993-AF3C-24F34BBE4F98}.Release|x86.ActiveCfg = Release|Win32
		{602ACEDD-00CE-4993-AF3C-24F34BBE4F98}.Release|x86.Build.0 = Release|Win32
	EndGlobalSection
	GlobalSection(SolutionProperties) = preSolution
		HideSolutionNode = FALSE
	EndGlobalSection
	GlobalSection(ExtensibilityGlobals) = postSolution
		SolutionGuid = {C22174CD-E935-412F-89EC-CCB152189F21}
	EndGlobalSection
EndGlobal
